
Microsoft Visual Studio Solution File, Format Version 12.00
# Visual Studio Version 17
VisualStudioVersion = 17.13.35931.197 d17.13
MinimumVisualStudioVersion = 10.0.40219.1
Project("{FAE04EC0-301F-11D3-BF4B-00C04F79EFBC}") = "TimingW", "TimingW\TimingW.csproj", "{BE43D57F-9ADD-4D66-B069-70C449FC421F}"
EndProject
Global
	GlobalSection(SolutionConfigurationPlatforms) = preSolution
		Debug|Any CPU = Debug|Any CPU
		Release|Any CPU = Release|Any CPU
	EndGlobalSection
	GlobalSection(ProjectConfigurationPlatforms) = postSolution
		{BE43D57F-9ADD-4D66-B069-70C449FC421F}.Debug|Any CPU.ActiveCfg = Debug|Any CPU
		{BE43D57F-9ADD-4D66-B069-70C449FC421F}.Debug|Any CPU.Build.0 = Debug|Any CPU
		{BE43D57F-9ADD-4D66-B069-70C449FC421F}.Release|Any CPU.ActiveCfg = Release|Any CPU
		{BE43D57F-9ADD-4D66-B069-70C449FC421F}.Release|Any CPU.Build.0 = Release|Any CPU
	EndGlobalSection
	GlobalSection(SolutionProperties) = preSolution
		HideSolutionNode = FALSE
	EndGlobalSection
	GlobalSection(ExtensibilityGlobals) = postSolution
		SolutionGuid = {AEC3A274-0F8F-40CA-9615-039E38187456}
	EndGlobalSection
EndGlobal
